
Microsoft Visual Studio Solution File, Format Version 12.00
# Visual Studio 14
VisualStudioVersion = 14.0.25420.1
MinimumVisualStudioVersion = 10.0.40219.1
Project("{E24C65DC-7377-472B-9ABA-BC803B73C61A}") = "HomePlusRealty_Team10", "..\..\..\..\Desktop\ASPNET CA\HomePlusRealty_Team10-20161108T234907Z\HomePlusRealty_Team10\", "{A49E3EF2-DB26-4367-BC8E-30883445A5B6}"
	ProjectSection(WebsiteProperties) = preProject
		TargetFrameworkMoniker = ".NETFramework,Version%3Dv4.5"
		Debug.AspNetCompiler.VirtualPath = "/localhost_1296"
		Debug.AspNetCompiler.PhysicalPath = "..\..\..\..\Desktop\ASPNET CA\HomePlusRealty_Team10-20161108T234907Z\HomePlusRealty_Team10\"
		Debug.AspNetCompiler.TargetPath = "PrecompiledWeb\localhost_1296\"
		Debug.AspNetCompiler.Updateable = "true"
		Debug.AspNetCompiler.ForceOverwrite = "true"
		Debug.AspNetCompiler.FixedNames = "false"
		Debug.AspNetCompiler.Debug = "True"
		Release.AspNetCompiler.VirtualPath = "/localhost_1296"
		Release.AspNetCompiler.PhysicalPath = "..\..\..\..\Desktop\ASPNET CA\HomePlusRealty_Team10-20161108T234907Z\HomePlusRealty_Team10\"
		Release.AspNetCompiler.TargetPath = "PrecompiledWeb\localhost_1296\"
		Release.AspNetCompiler.Updateable = "true"
		Release.AspNetCompiler.ForceOverwrite = "true"
		Release.AspNetCompiler.FixedNames = "false"
		Release.AspNetCompiler.Debug = "False"
		VWDPort = "1296"
		SlnRelativePath = "..\..\..\..\Desktop\ASPNET CA\HomePlusRealty_Team10-20161108T234907Z\HomePlusRealty_Team10\"
	EndProjectSection
EndProject
Global
	GlobalSection(SolutionConfigurationPlatforms) = preSolution
		Debug|Any CPU = Debug|Any CPU
	EndGlobalSection
	GlobalSection(ProjectConfigurationPlatforms) = postSolution
		{A49E3EF2-DB26-4367-BC8E-30883445A5B6}.Debug|Any CPU.ActiveCfg = Debug|Any CPU
		{A49E3EF2-DB26-4367-BC8E-30883445A5B6}.Debug|Any CPU.Build.0 = Debug|Any CPU
	EndGlobalSection
	GlobalSection(SolutionProperties) = preSolution
		HideSolutionNode = FALSE
	EndGlobalSection
EndGlobal
