
Microsoft Visual Studio Solution File, Format Version 12.00
# Visual Studio 2013
VisualStudioVersion = 12.0.30723.0
MinimumVisualStudioVersion = 10.0.40219.1
Project("{FAE04EC0-301F-11D3-BF4B-00C04F79EFBC}") = "GalaxySignage", "GalaxySignage\GalaxySignage.csproj", "{3242D64F-6DB8-4E2F-A7B0-D12E89BF2EA2}"
EndProject
Project("{FAE04EC0-301F-11D3-BF4B-00C04F79EFBC}") = "GalaxySignage.Tests", "GalaxySignage.Tests\GalaxySignage.Tests.csproj", "{5AA6EFCC-38AA-4B9B-92AB-C1FB83326AC9}"
EndProject
Global
	GlobalSection(TeamFoundationVersionControl) = preSolution
		SccNumberOfProjects = 3
		SccEnterpriseProvider = {4CA58AB2-18FA-4F8D-95D4-32DDF27D184C}
		SccTeamFoundationServer = http://mars:8080/tfs/testprojects
		SccLocalPath0 = .
		SccProjectUniqueName1 = GalaxySignage\\GalaxySignage.csproj
		SccProjectName1 = GalaxySignage
		SccLocalPath1 = GalaxySignage
		SccProjectUniqueName2 = GalaxySignage.Tests\\GalaxySignage.Tests.csproj
		SccProjectName2 = GalaxySignage.Tests
		SccLocalPath2 = GalaxySignage.Tests
	EndGlobalSection
	GlobalSection(SolutionConfigurationPlatforms) = preSolution
		Debug|Any CPU = Debug|Any CPU
		Debug|x64 = Debug|x64
		Debug|x86 = Debug|x86
		Release|Any CPU = Release|Any CPU
		Release|x64 = Release|x64
		Release|x86 = Release|x86
	EndGlobalSection
	GlobalSection(ProjectConfigurationPlatforms) = postSolution
		{3242D64F-6DB8-4E2F-A7B0-D12E89BF2EA2}.Debug|Any CPU.ActiveCfg = Debug|Any CPU
		{3242D64F-6DB8-4E2F-A7B0-D12E89BF2EA2}.Debug|Any CPU.Build.0 = Debug|Any CPU
		{3242D64F-6DB8-4E2F-A7B0-D12E89BF2EA2}.Debug|x64.ActiveCfg = Debug|Any CPU
		{3242D64F-6DB8-4E2F-A7B0-D12E89BF2EA2}.Debug|x86.ActiveCfg = Debug|Any CPU
		{3242D64F-6DB8-4E2F-A7B0-D12E89BF2EA2}.Release|Any CPU.ActiveCfg = Release|Any CPU
		{3242D64F-6DB8-4E2F-A7B0-D12E89BF2EA2}.Release|Any CPU.Build.0 = Release|Any CPU
		{3242D64F-6DB8-4E2F-A7B0-D12E89BF2EA2}.Release|x64.ActiveCfg = Release|Any CPU
		{3242D64F-6DB8-4E2F-A7B0-D12E89BF2EA2}.Release|x86.ActiveCfg = Release|Any CPU
		{5AA6EFCC-38AA-4B9B-92AB-C1FB83326AC9}.Debug|Any CPU.ActiveCfg = Debug|Any CPU
		{5AA6EFCC-38AA-4B9B-92AB-C1FB83326AC9}.Debug|Any CPU.Build.0 = Debug|Any CPU
		{5AA6EFCC-38AA-4B9B-92AB-C1FB83326AC9}.Debug|x64.ActiveCfg = Debug|Any CPU
		{5AA6EFCC-38AA-4B9B-92AB-C1FB83326AC9}.Debug|x86.ActiveCfg = Debug|Any CPU
		{5AA6EFCC-38AA-4B9B-92AB-C1FB83326AC9}.Release|Any CPU.ActiveCfg = Release|Any CPU
		{5AA6EFCC-38AA-4B9B-92AB-C1FB83326AC9}.Release|Any CPU.Build.0 = Release|Any CPU
		{5AA6EFCC-38AA-4B9B-92AB-C1FB83326AC9}.Release|x64.ActiveCfg = Release|Any CPU
		{5AA6EFCC-38AA-4B9B-92AB-C1FB83326AC9}.Release|x86.ActiveCfg = Release|Any CPU
	EndGlobalSection
	GlobalSection(SolutionProperties) = preSolution
		HideSolutionNode = FALSE
	EndGlobalSection
EndGlobal
